
Microsoft Visual Studio Solution File, Format Version 12.00
# Visual Studio Version 16
VisualStudioVersion = 16.0.30907.101
MinimumVisualStudioVersion = 10.0.40219.1
Project("{2150E333-8FDC-42A3-9474-1A3956D46DE8}") = "0 - API", "0 - API", "{1C79AED7-0E83-437D-877F-1FBE0A307132}"
EndProject
Project("{2150E333-8FDC-42A3-9474-1A3956D46DE8}") = "1 - Domain", "1 - Domain", "{2AB9BC17-990E-4AEC-83AF-9CA0F55D3F50}"
EndProject
Project("{2150E333-8FDC-42A3-9474-1A3956D46DE8}") = "2 - Core", "2 - Core", "{0BDD1717-7DFB-4C0C-91AE-593F5204825C}"
EndProject
Project("{2150E333-8FDC-42A3-9474-1A3956D46DE8}") = "3 - Application", "3 - Application", "{13BAC579-1E37-4601-AA40-373BB9962C1A}"
EndProject
Project("{2150E333-8FDC-42A3-9474-1A3956D46DE8}") = "4 - IoC", "4 - IoC", "{CFCF479C-2C1D-4322-B85D-80AEA1817A04}"
EndProject
Project("{9A19103F-16F7-4668-BE54-9A1E7A4F7556}") = "VelhIA-API.API", "VelhIA-API.API\VelhIA-API.API.csproj", "{D147CEA3-B25E-42A6-A338-A21D5B66C0E1}"
EndProject
Project("{9A19103F-16F7-4668-BE54-9A1E7A4F7556}") = "VelhIA-API.IoC", "VelhIA-API.IoC\VelhIA-API.IoC.csproj", "{8A2D9268-048A-4D0F-8104-F591FBEBAF46}"
EndProject
Project("{9A19103F-16F7-4668-BE54-9A1E7A4F7556}") = "VelhIA-API.Application", "VelhIA-API.Application\VelhIA-API.Application.csproj", "{02BE8688-C0E3-48B8-9FDD-89A4D0468035}"
EndProject
Project("{2150E333-8FDC-42A3-9474-1A3956D46DE8}") = "2.1 - Repositories", "2.1 - Repositories", "{8055ED36-7E76-43A0-B5AC-1C9F0203A6E0}"
EndProject
Project("{2150E333-8FDC-42A3-9474-1A3956D46DE8}") = "2.2 - Services", "2.2 - Services", "{97E7FE49-3226-49B1-9301-2E96D609AE5B}"
EndProject
Project("{9A19103F-16F7-4668-BE54-9A1E7A4F7556}") = "VelhIA-API.Repositories", "VelhIA-API.Repositories\VelhIA-API.Repositories.csproj", "{CF340170-E307-47D5-A57D-A2E7359E8637}"
EndProject
Project("{9A19103F-16F7-4668-BE54-9A1E7A4F7556}") = "VelhIA-API.Services", "VelhIA-API.Services\VelhIA-API.Services.csproj", "{0302D427-012E-4FFF-A42A-6E53161FF6B0}"
EndProject
Project("{2150E333-8FDC-42A3-9474-1A3956D46DE8}") = "2.3 - Data", "2.3 - Data", "{B5A9DDAC-4893-4AB8-835E-FE8F7DE29CC3}"
EndProject
Project("{9A19103F-16F7-4668-BE54-9A1E7A4F7556}") = "VelhIA-API.Data", "VelhIA-API.Data\VelhIA-API.Data.csproj", "{2F012973-C300-4660-B8D6-A452645B6C85}"
EndProject
Project("{9A19103F-16F7-4668-BE54-9A1E7A4F7556}") = "VelhIA-API.Domain", "VelhIA-API.Domain\VelhIA-API.Domain.csproj", "{E7187FFD-24AE-44DD-AC2C-D8582AD666BA}"
EndProject
Project("{2150E333-8FDC-42A3-9474-1A3956D46DE8}") = "2.4 - Middlewares", "2.4 - Middlewares", "{F7CA7EF8-4E89-4519-9EDF-1B415B9ABFD3}"
EndProject
Project("{9A19103F-16F7-4668-BE54-9A1E7A4F7556}") = "VelhIA-API.Middlewares", "VelhIA-API.Middlewares\VelhIA-API.Middlewares.csproj", "{A3A147D0-D98F-4B66-ADFE-0637303D6EE8}"
EndProject
Global
	GlobalSection(SolutionConfigurationPlatforms) = preSolution
		Debug|Any CPU = Debug|Any CPU
		Release|Any CPU = Release|Any CPU
	EndGlobalSection
	GlobalSection(ProjectConfigurationPlatforms) = postSolution
		{D147CEA3-B25E-42A6-A338-A21D5B66C0E1}.Debug|Any CPU.ActiveCfg = Debug|Any CPU
		{D147CEA3-B25E-42A6-A338-A21D5B66C0E1}.Debug|Any CPU.Build.0 = Debug|Any CPU
		{D147CEA3-B25E-42A6-A338-A21D5B66C0E1}.Release|Any CPU.ActiveCfg = Release|Any CPU
		{D147CEA3-B25E-42A6-A338-A21D5B66C0E1}.Release|Any CPU.Build.0 = Release|Any CPU
		{8A2D9268-048A-4D0F-8104-F591FBEBAF46}.Debug|Any CPU.ActiveCfg = Debug|Any CPU
		{8A2D9268-048A-4D0F-8104-F591FBEBAF46}.Debug|Any CPU.Build.0 = Debug|Any CPU
		{8A2D9268-048A-4D0F-8104-F591FBEBAF46}.Release|Any CPU.ActiveCfg = Release|Any CPU
		{8A2D9268-048A-4D0F-8104-F591FBEBAF46}.Release|Any CPU.Build.0 = Release|Any CPU
		{02BE8688-C0E3-48B8-9FDD-89A4D0468035}.Debug|Any CPU.ActiveCfg = Debug|Any CPU
		{02BE8688-C0E3-48B8-9FDD-89A4D0468035}.Debug|Any CPU.Build.0 = Debug|Any CPU
		{02BE8688-C0E3-48B8-9FDD-89A4D0468035}.Release|Any CPU.ActiveCfg = Release|Any CPU
		{02BE8688-C0E3-48B8-9FDD-89A4D0468035}.Release|Any CPU.Build.0 = Release|Any CPU
		{CF340170-E307-47D5-A57D-A2E7359E8637}.Debug|Any CPU.ActiveCfg = Debug|Any CPU
		{CF340170-E307-47D5-A57D-A2E7359E8637}.Debug|Any CPU.Build.0 = Debug|Any CPU
		{CF340170-E307-47D5-A57D-A2E7359E8637}.Release|Any CPU.ActiveCfg = Release|Any CPU
		{CF340170-E307-47D5-A57D-A2E7359E8637}.Release|Any CPU.Build.0 = Release|Any CPU
		{0302D427-012E-4FFF-A42A-6E53161FF6B0}.Debug|Any CPU.ActiveCfg = Debug|Any CPU
		{0302D427-012E-4FFF-A42A-6E53161FF6B0}.Debug|Any CPU.Build.0 = Debug|Any CPU
		{0302D427-012E-4FFF-A42A-6E53161FF6B0}.Release|Any CPU.ActiveCfg = Release|Any CPU
		{0302D427-012E-4FFF-A42A-6E53161FF6B0}.Release|Any CPU.Build.0 = Release|Any CPU
		{2F012973-C300-4660-B8D6-A452645B6C85}.Debug|Any CPU.ActiveCfg = Debug|Any CPU
		{2F012973-C300-4660-B8D6-A452645B6C85}.Debug|Any CPU.Build.0 = Debug|Any CPU
		{2F012973-C300-4660-B8D6-A452645B6C85}.Release|Any CPU.ActiveCfg = Release|Any CPU
		{2F012973-C300-4660-B8D6-A452645B6C85}.Release|Any CPU.Build.0 = Release|Any CPU
		{E7187FFD-24AE-44DD-AC2C-D8582AD666BA}.Debug|Any CPU.ActiveCfg = Debug|Any CPU
		{E7187FFD-24AE-44DD-AC2C-D8582AD666BA}.Debug|Any CPU.Build.0 = Debug|Any CPU
		{E7187FFD-24AE-44DD-AC2C-D8582AD666BA}.Release|Any CPU.ActiveCfg = Release|Any CPU
		{E7187FFD-24AE-44DD-AC2C-D8582AD666BA}.Release|Any CPU.Build.0 = Release|Any CPU
		{A3A147D0-D98F-4B66-ADFE-0637303D6EE8}.Debug|Any CPU.ActiveCfg = Debug|Any CPU
		{A3A147D0-D98F-4B66-ADFE-0637303D6EE8}.Debug|Any CPU.Build.0 = Debug|Any CPU
		{A3A147D0-D98F-4B66-ADFE-0637303D6EE8}.Release|Any CPU.ActiveCfg = Release|Any CPU
		{A3A147D0-D98F-4B66-ADFE-0637303D6EE8}.Release|Any CPU.Build.0 = Release|Any CPU
	EndGlobalSection
	GlobalSection(SolutionProperties) = preSolution
		HideSolutionNode = FALSE
	EndGlobalSection
	GlobalSection(NestedProjects) = preSolution
		{D147CEA3-B25E-42A6-A338-A21D5B66C0E1} = {1C79AED7-0E83-437D-877F-1FBE0A307132}
		{8A2D9268-048A-4D0F-8104-F591FBEBAF46} = {CFCF479C-2C1D-4322-B85D-80AEA1817A04}
		{02BE8688-C0E3-48B8-9FDD-89A4D0468035} = {13BAC579-1E37-4601-AA40-373BB9962C1A}
		{8055ED36-7E76-43A0-B5AC-1C9F0203A6E0} = {0BDD1717-7DFB-4C0C-91AE-593F5204825C}
		{97E7FE49-3226-49B1-9301-2E96D609AE5B} = {0BDD1717-7DFB-4C0C-91AE-593F5204825C}
		{CF340170-E307-47D5-A57D-A2E7359E8637} = {8055ED36-7E76-43A0-B5AC-1C9F0203A6E0}
		{0302D427-012E-4FFF-A42A-6E53161FF6B0} = {97E7FE49-3226-49B1-9301-2E96D609AE5B}
		{B5A9DDAC-4893-4AB8-835E-FE8F7DE29CC3} = {0BDD1717-7DFB-4C0C-91AE-593F5204825C}
		{2F012973-C300-4660-B8D6-A452645B6C85} = {B5A9DDAC-4893-4AB8-835E-FE8F7DE29CC3}
		{E7187FFD-24AE-44DD-AC2C-D8582AD666BA} = {2AB9BC17-990E-4AEC-83AF-9CA0F55D3F50}
		{F7CA7EF8-4E89-4519-9EDF-1B415B9ABFD3} = {0BDD1717-7DFB-4C0C-91AE-593F5204825C}
		{A3A147D0-D98F-4B66-ADFE-0637303D6EE8} = {F7CA7EF8-4E89-4519-9EDF-1B415B9ABFD3}
	EndGlobalSection
	GlobalSection(ExtensibilityGlobals) = postSolution
		SolutionGuid = {09479F2B-D8AC-4494-AD29-A28B5A5484CA}
	EndGlobalSection
EndGlobal
